// !$*UTF8*$!
{
	archiveVersion = 1;
	classes = {
	};
	objectVersion = 50;
	objects = {

/* Begin PBXBuildFile section */
		361EA83726A2035B00C2BEB6 /* AppDelegate.swift in Sources */ = {isa = PBXBuildFile; fileRef = 361EA83626A2035B00C2BEB6 /* AppDelegate.swift */; };
		361EA83926A2035B00C2BEB6 /* SceneDelegate.swift in Sources */ = {isa = PBXBuildFile; fileRef = 361EA83826A2035B00C2BEB6 /* SceneDelegate.swift */; };
		361EA83B26A2035B00C2BEB6 /* ArtistListViewContoller.swift in Sources */ = {isa = PBXBuildFile; fileRef = 361EA83A26A2035B00C2BEB6 /* ArtistListViewContoller.swift */; };
		361EA84026A2036700C2BEB6 /* Assets.xcassets in Resources */ = {isa = PBXBuildFile; fileRef = 361EA83F26A2036700C2BEB6 /* Assets.xcassets */; };
		361EA84326A2036700C2BEB6 /* LaunchScreen.storyboard in Resources */ = {isa = PBXBuildFile; fileRef = 361EA84126A2036700C2BEB6 /* LaunchScreen.storyboard */; };
		361EA84B26A203B400C2BEB6 /* Model.swift in Sources */ = {isa = PBXBuildFile; fileRef = 361EA84A26A203B400C2BEB6 /* Model.swift */; };
		361EA84D26A203C000C2BEB6 /* ViewModel.swift in Sources */ = {isa = PBXBuildFile; fileRef = 361EA84C26A203C000C2BEB6 /* ViewModel.swift */; };
		361EA85426A2F31100C2BEB6 /* ModelData.swift in Sources */ = {isa = PBXBuildFile; fileRef = 361EA85326A2F31100C2BEB6 /* ModelData.swift */; };
		361EA85626A5EC7F00C2BEB6 /* TableViewCell.swift in Sources */ = {isa = PBXBuildFile; fileRef = 361EA85526A5EC7F00C2BEB6 /* TableViewCell.swift */; };
		361EA85A26A6E50C00C2BEB6 /* README.rtf in Resources */ = {isa = PBXBuildFile; fileRef = 361EA85926A6E50C00C2BEB6 /* README.rtf */; };
/* End PBXBuildFile section */

/* Begin PBXFileReference section */
		361EA83326A2035B00C2BEB6 /* MusicBrainz Search.app */ = {isa = PBXFileReference; explicitFileType = wrapper.application; includeInIndex = 0; path = "MusicBrainz Search.app"; sourceTree = BUILT_PRODUCTS_DIR; };
		361EA83626A2035B00C2BEB6 /* AppDelegate.swift */ = {isa = PBXFileReference; lastKnownFileType = sourcecode.swift; path = AppDelegate.swift; sourceTree = "<group>"; };
		361EA83826A2035B00C2BEB6 /* SceneDelegate.swift */ = {isa = PBXFileReference; lastKnownFileType = sourcecode.swift; path = SceneDelegate.swift; sourceTree = "<group>"; };
		361EA83A26A2035B00C2BEB6 /* ArtistListViewContoller.swift */ = {isa = PBXFileReference; lastKnownFileType = sourcecode.swift; path = ArtistListViewContoller.swift; sourceTree = "<group>"; };
		361EA83F26A2036700C2BEB6 /* Assets.xcassets */ = {isa = PBXFileReference; lastKnownFileType = folder.assetcatalog; path = Assets.xcassets; sourceTree = "<group>"; };
		361EA84226A2036700C2BEB6 /* Base */ = {isa = PBXFileReference; lastKnownFileType = file.storyboard; name = Base; path = Base.lproj/LaunchScreen.storyboard; sourceTree = "<group>"; };
		361EA84426A2036700C2BEB6 /* Info.plist */ = {isa = PBXFileReference; lastKnownFileType = text.plist.xml; path = Info.plist; sourceTree = "<group>"; };
		361EA84A26A203B400C2BEB6 /* Model.swift */ = {isa = PBXFileReference; lastKnownFileType = sourcecode.swift; path = Model.swift; sourceTree = "<group>"; };
		361EA84C26A203C000C2BEB6 /* ViewModel.swift */ = {isa = PBXFileReference; lastKnownFileType = sourcecode.swift; path = ViewModel.swift; sourceTree = "<group>"; };
		361EA85326A2F31100C2BEB6 /* ModelData.swift */ = {isa = PBXFileReference; lastKnownFileType = sourcecode.swift; path = ModelData.swift; sourceTree = "<group>"; };
		361EA85526A5EC7F00C2BEB6 /* TableViewCell.swift */ = {isa = PBXFileReference; fileEncoding = 4; lastKnownFileType = sourcecode.swift; path = TableViewCell.swift; sourceTree = "<group>"; };
		361EA85926A6E50C00C2BEB6 /* README.rtf */ = {isa = PBXFileReference; lastKnownFileType = text.rtf; path = README.rtf; sourceTree = "<group>"; };
/* End PBXFileReference section */

/* Begin PBXFrameworksBuildPhase section */
		361EA83026A2035B00C2BEB6 /* Frameworks */ = {
			isa = PBXFrameworksBuildPhase;
			buildActionMask = 2147483647;
			files = (
			);
			runOnlyForDeploymentPostprocessing = 0;
		};
/* End PBXFrameworksBuildPhase section */

/* Begin PBXGroup section */
		361EA82A26A2035A00C2BEB6 = {
			isa = PBXGroup;
			children = (
				361EA85926A6E50C00C2BEB6 /* README.rtf */,
				361EA83526A2035B00C2BEB6 /* MusicBrainz Search */,
				361EA83426A2035B00C2BEB6 /* Products */,
			);
			sourceTree = "<group>";
		};
		361EA83426A2035B00C2BEB6 /* Products */ = {
			isa = PBXGroup;
			children = (
				361EA83326A2035B00C2BEB6 /* MusicBrainz Search.app */,
			);
			name = Products;
			sourceTree = "<group>";
		};
		361EA83526A2035B00C2BEB6 /* MusicBrainz Search */ = {
			isa = PBXGroup;
			children = (
				361EA84F26A203ED00C2BEB6 /* Delegates */,
				361EA85026A203FF00C2BEB6 /* Model */,
				361EA85226A2F1CF00C2BEB6 /* View */,
				361EA85126A2F1C300C2BEB6 /* ViewModel */,
				361EA84E26A203DC00C2BEB6 /* Extra */,
				361EA83F26A2036700C2BEB6 /* Assets.xcassets */,
				361EA84426A2036700C2BEB6 /* Info.plist */,
			);
			path = "MusicBrainz Search";
			sourceTree = "<group>";
		};
		361EA84E26A203DC00C2BEB6 /* Extra */ = {
			isa = PBXGroup;
			children = (
				361EA84126A2036700C2BEB6 /* LaunchScreen.storyboard */,
			);
			path = Extra;
			sourceTree = "<group>";
		};
		361EA84F26A203ED00C2BEB6 /* Delegates */ = {
			isa = PBXGroup;
			children = (
				361EA83626A2035B00C2BEB6 /* AppDelegate.swift */,
				361EA83826A2035B00C2BEB6 /* SceneDelegate.swift */,
			);
			path = Delegates;
			sourceTree = "<group>";
		};
		361EA85026A203FF00C2BEB6 /* Model */ = {
			isa = PBXGroup;
			children = (
				361EA84A26A203B400C2BEB6 /* Model.swift */,
				361EA85326A2F31100C2BEB6 /* ModelData.swift */,
			);
			path = Model;
			sourceTree = "<group>";
		};
		361EA85126A2F1C300C2BEB6 /* ViewModel */ = {
			isa = PBXGroup;
			children = (
				361EA84C26A203C000C2BEB6 /* ViewModel.swift */,
			);
			path = ViewModel;
			sourceTree = "<group>";
		};
		361EA85226A2F1CF00C2BEB6 /* View */ = {
			isa = PBXGroup;
			children = (
				361EA85526A5EC7F00C2BEB6 /* TableViewCell.swift */,
				361EA83A26A2035B00C2BEB6 /* ArtistListViewContoller.swift */,
			);
			path = View;
			sourceTree = "<group>";
		};
/* End PBXGroup section */

/* Begin PBXNativeTarget section */
		361EA83226A2035B00C2BEB6 /* MusicBrainz Search */ = {
			isa = PBXNativeTarget;
			buildConfigurationList = 361EA84726A2036700C2BEB6 /* Build configuration list for PBXNativeTarget "MusicBrainz Search" */;
			buildPhases = (
				361EA82F26A2035B00C2BEB6 /* Sources */,
				361EA83026A2035B00C2BEB6 /* Frameworks */,
				361EA83126A2035B00C2BEB6 /* Resources */,
			);
			buildRules = (
			);
			dependencies = (
			);
			name = "MusicBrainz Search";
			productName = "MusicBrainz Song Search";
			productReference = 361EA83326A2035B00C2BEB6 /* MusicBrainz Search.app */;
			productType = "com.apple.product-type.application";
		};
/* End PBXNativeTarget section */

/* Begin PBXProject section */
		361EA82B26A2035A00C2BEB6 /* Project object */ = {
			isa = PBXProject;
			attributes = {
				LastSwiftUpdateCheck = 1250;
				LastUpgradeCheck = 1250;
				TargetAttributes = {
					361EA83226A2035B00C2BEB6 = {
						CreatedOnToolsVersion = 12.5;
					};
				};
			};
			buildConfigurationList = 361EA82E26A2035A00C2BEB6 /* Build configuration list for PBXProject "MusicBrainz Search" */;
			compatibilityVersion = "Xcode 9.3";
			developmentRegion = en;
			hasScannedForEncodings = 0;
			knownRegions = (
				en,
				Base,
			);
			mainGroup = 361EA82A26A2035A00C2BEB6;
			productRefGroup = 361EA83426A2035B00C2BEB6 /* Products */;
			projectDirPath = "";
			projectRoot = "";
			targets = (
				361EA83226A2035B00C2BEB6 /* MusicBrainz Search */,
			);
		};
/* End PBXProject section */

/* Begin PBXResourcesBuildPhase section */
		361EA83126A2035B00C2BEB6 /* Resources */ = {
			isa = PBXResourcesBuildPhase;
			buildActionMask = 2147483647;
			files = (
				361EA84326A2036700C2BEB6 /* LaunchScreen.storyboard in Resources */,
				361EA84026A2036700C2BEB6 /* Assets.xcassets in Resources */,
				361EA85A26A6E50C00C2BEB6 /* README.rtf in Resources */,
			);
			runOnlyForDeploymentPostprocessing = 0;
		};
/* End PBXResourcesBuildPhase section */

/* Begin PBXSourcesBuildPhase section */
		361EA82F26A2035B00C2BEB6 /* Sources */ = {
			isa = PBXSourcesBuildPhase;
			buildActionMask = 2147483647;
			files = (
				361EA84D26A203C000C2BEB6 /* ViewModel.swift in Sources */,
				361EA83B26A2035B00C2BEB6 /* ArtistListViewContoller.swift in Sources */,
				361EA83726A2035B00C2BEB6 /* AppDelegate.swift in Sources */,
				361EA83926A2035B00C2BEB6 /* SceneDelegate.swift in Sources */,
				361EA84B26A203B400C2BEB6 /* Model.swift in Sources */,
				361EA85626A5EC7F00C2BEB6 /* TableViewCell.swift in Sources */,
				361EA85426A2F31100C2BEB6 /* ModelData.swift in Sources */,
			);
			runOnlyForDeploymentPostprocessing = 0;
		};
/* End PBXSourcesBuildPhase section */

/* Begin PBXVariantGroup section */
		361EA84126A2036700C2BEB6 /* LaunchScreen.storyboard */ = {
			isa = PBXVariantGroup;
			children = (
				361EA84226A2036700C2BEB6 /* Base */,
			);
			name = LaunchScreen.storyboard;
			sourceTree = "<group>";
		};
/* End PBXVariantGroup section */

/* Begin XCBuildConfiguration section */
		361EA84526A2036700C2BEB6 /* Debug */ = {
			isa = XCBuildConfiguration;
			buildSettings = {
				ALWAYS_SEARCH_USER_PATHS = NO;
				CLANG_ANALYZER_NONNULL = YES;
				CLANG_ANALYZER_NUMBER_OBJECT_CONVERSION = YES_AGGRESSIVE;
				CLANG_CXX_LANGUAGE_STANDARD = "gnu++14";
				CLANG_CXX_LIBRARY = "libc++";
				CLANG_ENABLE_MODULES = YES;
				CLANG_ENABLE_OBJC_ARC = YES;
				CLANG_ENABLE_OBJC_WEAK = YES;
				CLANG_WARN_BLOCK_CAPTURE_AUTORELEASING = YES;
				CLANG_WARN_BOOL_CONVERSION = YES;
				CLANG_WARN_COMMA = YES;
				CLANG_WARN_CONSTANT_CONVERSION = YES;
				CLANG_WARN_DEPRECATED_OBJC_IMPLEMENTATIONS = YES;
				CLANG_WARN_DIRECT_OBJC_ISA_USAGE = YES_ERROR;
				CLANG_WARN_DOCUMENTATION_COMMENTS = YES;
				CLANG_WARN_EMPTY_BODY = YES;
				CLANG_WARN_ENUM_CONVERSION = YES;
				CLANG_WARN_INFINITE_RECURSION = YES;
				CLANG_WARN_INT_CONVERSION = YES;
				CLANG_WARN_NON_LITERAL_NULL_CONVERSION = YES;
				CLANG_WARN_OBJC_IMPLICIT_RETAIN_SELF = YES;
				CLANG_WARN_OBJC_LITERAL_CONVERSION = YES;
				CLANG_WARN_OBJC_ROOT_CLASS = YES_ERROR;
				CLANG_WARN_QUOTED_INCLUDE_IN_FRAMEWORK_HEADER = YES;
				CLANG_WARN_RANGE_LOOP_ANALYSIS = YES;
				CLANG_WARN_STRICT_PROTOTYPES = YES;
				CLANG_WARN_SUSPICIOUS_MOVE = YES;
				CLANG_WARN_UNGUARDED_AVAILABILITY = YES_AGGRESSIVE;
				CLANG_WARN_UNREACHABLE_CODE = YES;
				CLANG_WARN__DUPLICATE_METHOD_MATCH = YES;
				COPY_PHASE_STRIP = NO;
				DEBUG_INFORMATION_FORMAT = dwarf;
				ENABLE_STRICT_OBJC_MSGSEND = YES;
				ENABLE_TESTABILITY = YES;
				GCC_C_LANGUAGE_STANDARD = gnu11;
				GCC_DYNAMIC_NO_PIC = NO;
				GCC_NO_COMMON_BLOCKS = YES;
				GCC_OPTIMIZATION_LEVEL = 0;
				GCC_PREPROCESSOR_DEFINITIONS = (
					"DEBUG=1",
					"$(inherited)",
				);
				GCC_WARN_64_TO_32_BIT_CONVERSION = YES;
				GCC_WARN_ABOUT_RETURN_TYPE = YES_ERROR;
				GCC_WARN_UNDECLARED_SELECTOR = YES;
				GCC_WARN_UNINITIALIZED_AUTOS = YES_AGGRESSIVE;
				GCC_WARN_UNUSED_FUNCTION = YES;
				GCC_WARN_UNUSED_VARIABLE = YES;
				IPHONEOS_DEPLOYMENT_TARGET = 14.5;
				MTL_ENABLE_DEBUG_INFO = INCLUDE_SOURCE;
				MTL_FAST_MATH = YES;
				ONLY_ACTIVE_ARCH = YES;
				SDKROOT = iphoneos;
				SWIFT_ACTIVE_COMPILATION_CONDITIONS = DEBUG;
				SWIFT_OPTIMIZATION_LEVEL = "-Onone";
			};
			name = Debug;
		};
		361EA84626A2036700C2BEB6 /* Release */ = {
			isa = XCBuildConfiguration;
			buildSettings = {
				ALWAYS_SEARCH_USER_PATHS = NO;
				CLANG_ANALYZER_NONNULL = YES;
				CLANG_ANALYZER_NUMBER_OBJECT_CONVERSION = YES_AGGRESSIVE;
				CLANG_CXX_LANGUAGE_STANDARD = "gnu++14";
				CLANG_CXX_LIBRARY = "libc++";
				CLANG_ENABLE_MODULES = YES;
				CLANG_ENABLE_OBJC_ARC = YES;
				CLANG_ENABLE_OBJC_WEAK = YES;
				CLANG_WARN_BLOCK_CAPTURE_AUTORELEASING = YES;
				CLANG_WARN_BOOL_CONVERSION = YES;
				CLANG_WARN_COMMA = YES;
				CLANG_WARN_CONSTANT_CONVERSION = YES;
				CLANG_WARN_DEPRECATED_OBJC_IMPLEMENTATIONS = YES;
				CLANG_WARN_DIRECT_OBJC_ISA_USAGE = YES_ERROR;
				CLANG_WARN_DOCUMENTATION_COMMENTS = YES;
				CLANG_WARN_EMPTY_BODY = YES;
				CLANG_WARN_ENUM_CONVERSION = YES;
				CLANG_WARN_INFINITE_RECURSION = YES;
				CLANG_WARN_INT_CONVERSION = YES;
				CLANG_WARN_NON_LITERAL_NULL_CONVERSION = YES;
				CLANG_WARN_OBJC_IMPLICIT_RETAIN_SELF = YES;
				CLANG_WARN_OBJC_LITERAL_CONVERSION = YES;
				CLANG_WARN_OBJC_ROOT_CLASS = YES_ERROR;
				CLANG_WARN_QUOTED_INCLUDE_IN_FRAMEWORK_HEADER = YES;
				CLANG_WARN_RANGE_LOOP_ANALYSIS = YES;
				CLANG_WARN_STRICT_PROTOTYPES = YES;
				CLANG_WARN_SUSPICIOUS_MOVE = YES;
				CLANG_WARN_UNGUARDED_AVAILABILITY = YES_AGGRESSIVE;
				CLANG_WARN_UNREACHABLE_CODE = YES;
				CLANG_WARN__DUPLICATE_METHOD_MATCH = YES;
				COPY_PHASE_STRIP = NO;
				DEBUG_INFORMATION_FORMAT = "dwarf-with-dsym";
				ENABLE_NS_ASSERTIONS = NO;
				ENABLE_STRICT_OBJC_MSGSEND = YES;
				GCC_C_LANGUAGE_STANDARD = gnu11;
				GCC_NO_COMMON_BLOCKS = YES;
				GCC_WARN_64_TO_32_BIT_CONVERSION = YES;
				GCC_WARN_ABOUT_RETURN_TYPE = YES_ERROR;
				GCC_WARN_UNDECLARED_SELECTOR = YES;
				GCC_WARN_UNINITIALIZED_AUTOS = YES_AGGRESSIVE;
				GCC_WARN_UNUSED_FUNCTION = YES;
				GCC_WARN_UNUSED_VARIABLE = YES;
				IPHONEOS_DEPLOYMENT_TARGET = 14.5;
				MTL_ENABLE_DEBUG_INFO = NO;
				MTL_FAST_MATH = YES;
				SDKROOT = iphoneos;
				SWIFT_COMPILATION_MODE = wholemodule;
				SWIFT_OPTIMIZATION_LEVEL = "-O";
				VALIDATE_PRODUCT = YES;
			};
			name = Release;
		};
		361EA84826A2036700C2BEB6 /* Debug */ = {
			isa = XCBuildConfiguration;
			buildSettings = {
				ASSETCATALOG_COMPILER_APPICON_NAME = AppIcon;
				ASSETCATALOG_COMPILER_GLOBAL_ACCENT_COLOR_NAME = AccentColor;
				CODE_SIGN_STYLE = Automatic;
				DEVELOPMENT_TEAM = M928AKP6PT;
				INFOPLIST_FILE = "$(SRCROOT)/MusicBrainz Search/Info.plist";
				LD_RUNPATH_SEARCH_PATHS = (
					"$(inherited)",
					"@executable_path/Frameworks",
				);
				PRODUCT_BUNDLE_IDENTIFIER = "com.windsor.alicia.MusicBrainz-Song-Search";
				PRODUCT_NAME = "$(TARGET_NAME)";
				SWIFT_VERSION = 5.0;
				TARGETED_DEVICE_FAMILY = "1,2";
			};
			name = Debug;
		};
		361EA84926A2036700C2BEB6 /* Release */ = {
			isa = XCBuildConfiguration;
			buildSettings = {
				ASSETCATALOG_COMPILER_APPICON_NAME = AppIcon;
				ASSETCATALOG_COMPILER_GLOBAL_ACCENT_COLOR_NAME = AccentColor;
				CODE_SIGN_STYLE = Automatic;
				DEVELOPMENT_TEAM = M928AKP6PT;
				INFOPLIST_FILE = "$(SRCROOT)/MusicBrainz Search/Info.plist";
				LD_RUNPATH_SEARCH_PATHS = (
					"$(inherited)",
					"@executable_path/Frameworks",
				);
				PRODUCT_BUNDLE_IDENTIFIER = "com.windsor.alicia.MusicBrainz-Song-Search";
				PRODUCT_NAME = "$(TARGET_NAME)";
				SWIFT_VERSION = 5.0;
				TARGETED_DEVICE_FAMILY = "1,2";
			};
			name = Release;
		};
/* End XCBuildConfiguration section */

/* Begin XCConfigurationList section */
		361EA82E26A2035A00C2BEB6 /* Build configuration list for PBXProject "MusicBrainz Search" */ = {
			isa = XCConfigurationList;
			buildConfigurations = (
				361EA84526A2036700C2BEB6 /* Debug */,
				361EA84626A2036700C2BEB6 /* Release */,
			);
			defaultConfigurationIsVisible = 0;
			defaultConfigurationName = Release;
		};
		361EA84726A2036700C2BEB6 /* Build configuration list for PBXNativeTarget "MusicBrainz Search" */ = {
			isa = XCConfigurationList;
			buildConfigurations = (
				361EA84826A2036700C2BEB6 /* Debug */,
				361EA84926A2036700C2BEB6 /* Release */,
			);
			defaultConfigurationIsVisible = 0;
			defaultConfigurationName = Release;
		};
/* End XCConfigurationList section */
	};
	rootObject = 361EA82B26A2035A00C2BEB6 /* Project object */;
}
